// !$*UTF8*$!
{
	archiveVersion = 1;
	classes = {
	};
	objectVersion = 55;
	objects = {

/* Begin PBXBuildFile section */
		6C747CA4281AB65F0074D6B7 /* SnowSeekerApp.swift in Sources */ = {isa = PBXBuildFile; fileRef = 6C747CA3281AB65F0074D6B7 /* SnowSeekerApp.swift */; };
		6C747CA6281AB65F0074D6B7 /* ContentView.swift in Sources */ = {isa = PBXBuildFile; fileRef = 6C747CA5281AB65F0074D6B7 /* ContentView.swift */; };
		6C747CA8281AB6600074D6B7 /* Assets.xcassets in Resources */ = {isa = PBXBuildFile; fileRef = 6C747CA7281AB6600074D6B7 /* Assets.xcassets */; };
		6C747CAB281AB6600074D6B7 /* Preview Assets.xcassets in Resources */ = {isa = PBXBuildFile; fileRef = 6C747CAA281AB6600074D6B7 /* Preview Assets.xcassets */; };
		6C747CB2281ABA8D0074D6B7 /* SideBySide.swift in Sources */ = {isa = PBXBuildFile; fileRef = 6C747CB1281ABA8D0074D6B7 /* SideBySide.swift */; };
		6C747CB5281AC0BB0074D6B7 /* AlertIdentifiable.swift in Sources */ = {isa = PBXBuildFile; fileRef = 6C747CB4281AC0BB0074D6B7 /* AlertIdentifiable.swift */; };
		6C747CB7281AC6D40074D6B7 /* GroupLayout.swift in Sources */ = {isa = PBXBuildFile; fileRef = 6C747CB6281AC6D40074D6B7 /* GroupLayout.swift */; };
		6C747CB9281AC8F50074D6B7 /* SizeClasses.swift in Sources */ = {isa = PBXBuildFile; fileRef = 6C747CB8281AC8F50074D6B7 /* SizeClasses.swift */; };
		6C747CBB281ACDC70074D6B7 /* SearchIt.swift in Sources */ = {isa = PBXBuildFile; fileRef = 6C747CBA281ACDC70074D6B7 /* SearchIt.swift */; };
		6C747CBD281AD8E60074D6B7 /* resorts.json in Resources */ = {isa = PBXBuildFile; fileRef = 6C747CBC281AD8E60074D6B7 /* resorts.json */; };
		6C747CBF281AD95E0074D6B7 /* Resort.swift in Sources */ = {isa = PBXBuildFile; fileRef = 6C747CBE281AD95E0074D6B7 /* Resort.swift */; };
		6C747CC1281AD9B40074D6B7 /* Bundle-Decodable.swift in Sources */ = {isa = PBXBuildFile; fileRef = 6C747CC0281AD9B40074D6B7 /* Bundle-Decodable.swift */; };
		6C747CC3281AE1A10074D6B7 /* WelcomeView.swift in Sources */ = {isa = PBXBuildFile; fileRef = 6C747CC2281AE1A10074D6B7 /* WelcomeView.swift */; };
		6C747CC5281AEBB60074D6B7 /* ResortView.swift in Sources */ = {isa = PBXBuildFile; fileRef = 6C747CC4281AEBB60074D6B7 /* ResortView.swift */; };
		6C747CC7281AEE590074D6B7 /* SkiDetailsView.swift in Sources */ = {isa = PBXBuildFile; fileRef = 6C747CC6281AEE590074D6B7 /* SkiDetailsView.swift */; };
		6C747CC9281AEEC70074D6B7 /* ResortDetailsView.swift in Sources */ = {isa = PBXBuildFile; fileRef = 6C747CC8281AEEC70074D6B7 /* ResortDetailsView.swift */; };
		6C7C253B281BD6DB00CD6710 /* Facility.swift in Sources */ = {isa = PBXBuildFile; fileRef = 6C7C253A281BD6DB00CD6710 /* Facility.swift */; };
		6C7C253D281C02A600CD6710 /* Favorites.swift in Sources */ = {isa = PBXBuildFile; fileRef = 6C7C253C281C02A600CD6710 /* Favorites.swift */; };
/* End PBXBuildFile section */

/* Begin PBXFileReference section */
		6C747CA0281AB65F0074D6B7 /* SnowSeeker.app */ = {isa = PBXFileReference; explicitFileType = wrapper.application; includeInIndex = 0; path = SnowSeeker.app; sourceTree = BUILT_PRODUCTS_DIR; };
		6C747CA3281AB65F0074D6B7 /* SnowSeekerApp.swift */ = {isa = PBXFileReference; lastKnownFileType = sourcecode.swift; path = SnowSeekerApp.swift; sourceTree = "<group>"; };
		6C747CA5281AB65F0074D6B7 /* ContentView.swift */ = {isa = PBXFileReference; lastKnownFileType = sourcecode.swift; path = ContentView.swift; sourceTree = "<group>"; };
		6C747CA7281AB6600074D6B7 /* Assets.xcassets */ = {isa = PBXFileReference; lastKnownFileType = folder.assetcatalog; path = Assets.xcassets; sourceTree = "<group>"; };
		6C747CAA281AB6600074D6B7 /* Preview Assets.xcassets */ = {isa = PBXFileReference; lastKnownFileType = folder.assetcatalog; path = "Preview Assets.xcassets"; sourceTree = "<group>"; };
		6C747CB1281ABA8D0074D6B7 /* SideBySide.swift */ = {isa = PBXFileReference; lastKnownFileType = sourcecode.swift; path = SideBySide.swift; sourceTree = "<group>"; };
		6C747CB4281AC0BB0074D6B7 /* AlertIdentifiable.swift */ = {isa = PBXFileReference; lastKnownFileType = sourcecode.swift; path = AlertIdentifiable.swift; sourceTree = "<group>"; };
		6C747CB6281AC6D40074D6B7 /* GroupLayout.swift */ = {isa = PBXFileReference; lastKnownFileType = sourcecode.swift; path = GroupLayout.swift; sourceTree = "<group>"; };
		6C747CB8281AC8F50074D6B7 /* SizeClasses.swift */ = {isa = PBXFileReference; lastKnownFileType = sourcecode.swift; path = SizeClasses.swift; sourceTree = "<group>"; };
		6C747CBA281ACDC70074D6B7 /* SearchIt.swift */ = {isa = PBXFileReference; lastKnownFileType = sourcecode.swift; path = SearchIt.swift; sourceTree = "<group>"; };
		6C747CBC281AD8E60074D6B7 /* resorts.json */ = {isa = PBXFileReference; fileEncoding = 4; lastKnownFileType = text.json; path = resorts.json; sourceTree = "<group>"; };
		6C747CBE281AD95E0074D6B7 /* Resort.swift */ = {isa = PBXFileReference; lastKnownFileType = sourcecode.swift; path = Resort.swift; sourceTree = "<group>"; };
		6C747CC0281AD9B40074D6B7 /* Bundle-Decodable.swift */ = {isa = PBXFileReference; fileEncoding = 4; lastKnownFileType = sourcecode.swift; path = "Bundle-Decodable.swift"; sourceTree = "<group>"; };
		6C747CC2281AE1A10074D6B7 /* WelcomeView.swift */ = {isa = PBXFileReference; lastKnownFileType = sourcecode.swift; path = WelcomeView.swift; sourceTree = "<group>"; };
		6C747CC4281AEBB60074D6B7 /* ResortView.swift */ = {isa = PBXFileReference; lastKnownFileType = sourcecode.swift; path = ResortView.swift; sourceTree = "<group>"; };
		6C747CC6281AEE590074D6B7 /* SkiDetailsView.swift */ = {isa = PBXFileReference; lastKnownFileType = sourcecode.swift; path = SkiDetailsView.swift; sourceTree = "<group>"; };
		6C747CC8281AEEC70074D6B7 /* ResortDetailsView.swift */ = {isa = PBXFileReference; lastKnownFileType = sourcecode.swift; path = ResortDetailsView.swift; sourceTree = "<group>"; };
		6C7C253A281BD6DB00CD6710 /* Facility.swift */ = {isa = PBXFileReference; lastKnownFileType = sourcecode.swift; path = Facility.swift; sourceTree = "<group>"; };
		6C7C253C281C02A600CD6710 /* Favorites.swift */ = {isa = PBXFileReference; lastKnownFileType = sourcecode.swift; path = Favorites.swift; sourceTree = "<group>"; };
/* End PBXFileReference section */

/* Begin PBXFrameworksBuildPhase section */
		6C747C9D281AB65F0074D6B7 /* Frameworks */ = {
			isa = PBXFrameworksBuildPhase;
			buildActionMask = 2147483647;
			files = (
			);
			runOnlyForDeploymentPostprocessing = 0;
		};
/* End PBXFrameworksBuildPhase section */

/* Begin PBXGroup section */
		6C747C97281AB65F0074D6B7 = {
			isa = PBXGroup;
			children = (
				6C747CA2281AB65F0074D6B7 /* SnowSeeker */,
				6C747CA1281AB65F0074D6B7 /* Products */,
			);
			sourceTree = "<group>";
		};
		6C747CA1281AB65F0074D6B7 /* Products */ = {
			isa = PBXGroup;
			children = (
				6C747CA0281AB65F0074D6B7 /* SnowSeeker.app */,
			);
			name = Products;
			sourceTree = "<group>";
		};
		6C747CA2281AB65F0074D6B7 /* SnowSeeker */ = {
			isa = PBXGroup;
			children = (
				6C747CA3281AB65F0074D6B7 /* SnowSeekerApp.swift */,
				6C747CA5281AB65F0074D6B7 /* ContentView.swift */,
				6C747CC2281AE1A10074D6B7 /* WelcomeView.swift */,
				6C747CC4281AEBB60074D6B7 /* ResortView.swift */,
				6C747CC6281AEE590074D6B7 /* SkiDetailsView.swift */,
				6C747CC8281AEEC70074D6B7 /* ResortDetailsView.swift */,
				6C747CBE281AD95E0074D6B7 /* Resort.swift */,
				6C7C253A281BD6DB00CD6710 /* Facility.swift */,
				6C7C253C281C02A600CD6710 /* Favorites.swift */,
				6C747CC0281AD9B40074D6B7 /* Bundle-Decodable.swift */,
				6C747CBC281AD8E60074D6B7 /* resorts.json */,
				6C747CB3281AC0A90074D6B7 /* Learning */,
				6C747CA7281AB6600074D6B7 /* Assets.xcassets */,
				6C747CA9281AB6600074D6B7 /* Preview Content */,
			);
			path = SnowSeeker;
			sourceTree = "<group>";
		};
		6C747CA9281AB6600074D6B7 /* Preview Content */ = {
			isa = PBXGroup;
			children = (
				6C747CAA281AB6600074D6B7 /* Preview Assets.xcassets */,
			);
			path = "Preview Content";
			sourceTree = "<group>";
		};
		6C747CB3281AC0A90074D6B7 /* Learning */ = {
			isa = PBXGroup;
			children = (
				6C747CB1281ABA8D0074D6B7 /* SideBySide.swift */,
				6C747CB4281AC0BB0074D6B7 /* AlertIdentifiable.swift */,
				6C747CB6281AC6D40074D6B7 /* GroupLayout.swift */,
				6C747CB8281AC8F50074D6B7 /* SizeClasses.swift */,
				6C747CBA281ACDC70074D6B7 /* SearchIt.swift */,
			);
			path = Learning;
			sourceTree = "<group>";
		};
/* End PBXGroup section */

/* Begin PBXNativeTarget section */
		6C747C9F281AB65F0074D6B7 /* SnowSeeker */ = {
			isa = PBXNativeTarget;
			buildConfigurationList = 6C747CAE281AB6600074D6B7 /* Build configuration list for PBXNativeTarget "SnowSeeker" */;
			buildPhases = (
				6C747C9C281AB65F0074D6B7 /* Sources */,
				6C747C9D281AB65F0074D6B7 /* Frameworks */,
				6C747C9E281AB65F0074D6B7 /* Resources */,
			);
			buildRules = (
			);
			dependencies = (
			);
			name = SnowSeeker;
			productName = SnowSeeker;
			productReference = 6C747CA0281AB65F0074D6B7 /* SnowSeeker.app */;
			productType = "com.apple.product-type.application";
		};
/* End PBXNativeTarget section */

/* Begin PBXProject section */
		6C747C98281AB65F0074D6B7 /* Project object */ = {
			isa = PBXProject;
			attributes = {
				BuildIndependentTargetsInParallel = 1;
				LastSwiftUpdateCheck = 1330;
				LastUpgradeCheck = 1330;
				TargetAttributes = {
					6C747C9F281AB65F0074D6B7 = {
						CreatedOnToolsVersion = 13.3;
					};
				};
			};
			buildConfigurationList = 6C747C9B281AB65F0074D6B7 /* Build configuration list for PBXProject "SnowSeeker" */;
			compatibilityVersion = "Xcode 13.0";
			developmentRegion = en;
			hasScannedForEncodings = 0;
			knownRegions = (
				en,
				Base,
			);
			mainGroup = 6C747C97281AB65F0074D6B7;
			productRefGroup = 6C747CA1281AB65F0074D6B7 /* Products */;
			projectDirPath = "";
			projectRoot = "";
			targets = (
				6C747C9F281AB65F0074D6B7 /* SnowSeeker */,
			);
		};
/* End PBXProject section */

/* Begin PBXResourcesBuildPhase section */
		6C747C9E281AB65F0074D6B7 /* Resources */ = {
			isa = PBXResourcesBuildPhase;
			buildActionMask = 2147483647;
			files = (
				6C747CBD281AD8E60074D6B7 /* resorts.json in Resources */,
				6C747CAB281AB6600074D6B7 /* Preview Assets.xcassets in Resources */,
				6C747CA8281AB6600074D6B7 /* Assets.xcassets in Resources */,
			);
			runOnlyForDeploymentPostprocessing = 0;
		};
/* End PBXResourcesBuildPhase section */

/* Begin PBXSourcesBuildPhase section */
		6C747C9C281AB65F0074D6B7 /* Sources */ = {
			isa = PBXSourcesBuildPhase;
			buildActionMask = 2147483647;
			files = (
				6C747CBB281ACDC70074D6B7 /* SearchIt.swift in Sources */,
				6C747CA6281AB65F0074D6B7 /* ContentView.swift in Sources */,
				6C747CA4281AB65F0074D6B7 /* SnowSeekerApp.swift in Sources */,
				6C7C253D281C02A600CD6710 /* Favorites.swift in Sources */,
				6C747CC9281AEEC70074D6B7 /* ResortDetailsView.swift in Sources */,
				6C747CC5281AEBB60074D6B7 /* ResortView.swift in Sources */,
				6C747CB5281AC0BB0074D6B7 /* AlertIdentifiable.swift in Sources */,
				6C747CB7281AC6D40074D6B7 /* GroupLayout.swift in Sources */,
				6C747CC3281AE1A10074D6B7 /* WelcomeView.swift in Sources */,
				6C747CC7281AEE590074D6B7 /* SkiDetailsView.swift in Sources */,
				6C747CC1281AD9B40074D6B7 /* Bundle-Decodable.swift in Sources */,
				6C747CB2281ABA8D0074D6B7 /* SideBySide.swift in Sources */,
				6C747CBF281AD95E0074D6B7 /* Resort.swift in Sources */,
				6C7C253B281BD6DB00CD6710 /* Facility.swift in Sources */,
				6C747CB9281AC8F50074D6B7 /* SizeClasses.swift in Sources */,
			);
			runOnlyForDeploymentPostprocessing = 0;
		};
/* End PBXSourcesBuildPhase section */

/* Begin XCBuildConfiguration section */
		6C747CAC281AB6600074D6B7 /* Debug */ = {
			isa = XCBuildConfiguration;
			buildSettings = {
				ALWAYS_SEARCH_USER_PATHS = NO;
				CLANG_ANALYZER_NONNULL = YES;
				CLANG_ANALYZER_NUMBER_OBJECT_CONVERSION = YES_AGGRESSIVE;
				CLANG_CXX_LANGUAGE_STANDARD = "gnu++17";
				CLANG_ENABLE_MODULES = YES;
				CLANG_ENABLE_OBJC_ARC = YES;
				CLANG_ENABLE_OBJC_WEAK = YES;
				CLANG_WARN_BLOCK_CAPTURE_AUTORELEASING = YES;
				CLANG_WARN_BOOL_CONVERSION = YES;
				CLANG_WARN_COMMA = YES;
				CLANG_WARN_CONSTANT_CONVERSION = YES;
				CLANG_WARN_DEPRECATED_OBJC_IMPLEMENTATIONS = YES;
				CLANG_WARN_DIRECT_OBJC_ISA_USAGE = YES_ERROR;
				CLANG_WARN_DOCUMENTATION_COMMENTS = YES;
				CLANG_WARN_EMPTY_BODY = YES;
				CLANG_WARN_ENUM_CONVERSION = YES;
				CLANG_WARN_INFINITE_RECURSION = YES;
				CLANG_WARN_INT_CONVERSION = YES;
				CLANG_WARN_NON_LITERAL_NULL_CONVERSION = YES;
				CLANG_WARN_OBJC_IMPLICIT_RETAIN_SELF = YES;
				CLANG_WARN_OBJC_LITERAL_CONVERSION = YES;
				CLANG_WARN_OBJC_ROOT_CLASS = YES_ERROR;
				CLANG_WARN_QUOTED_INCLUDE_IN_FRAMEWORK_HEADER = YES;
				CLANG_WARN_RANGE_LOOP_ANALYSIS = YES;
				CLANG_WARN_STRICT_PROTOTYPES = YES;
				CLANG_WARN_SUSPICIOUS_MOVE = YES;
				CLANG_WARN_UNGUARDED_AVAILABILITY = YES_AGGRESSIVE;
				CLANG_WARN_UNREACHABLE_CODE = YES;
				CLANG_WARN__DUPLICATE_METHOD_MATCH = YES;
				COPY_PHASE_STRIP = NO;
				DEBUG_INFORMATION_FORMAT = dwarf;
				ENABLE_STRICT_OBJC_MSGSEND = YES;
				ENABLE_TESTABILITY = YES;
				GCC_C_LANGUAGE_STANDARD = gnu11;
				GCC_DYNAMIC_NO_PIC = NO;
				GCC_NO_COMMON_BLOCKS = YES;
				GCC_OPTIMIZATION_LEVEL = 0;
				GCC_PREPROCESSOR_DEFINITIONS = (
					"DEBUG=1",
					"$(inherited)",
				);
				GCC_WARN_64_TO_32_BIT_CONVERSION = YES;
				GCC_WARN_ABOUT_RETURN_TYPE = YES_ERROR;
				GCC_WARN_UNDECLARED_SELECTOR = YES;
				GCC_WARN_UNINITIALIZED_AUTOS = YES_AGGRESSIVE;
				GCC_WARN_UNUSED_FUNCTION = YES;
				GCC_WARN_UNUSED_VARIABLE = YES;
				IPHONEOS_DEPLOYMENT_TARGET = 15.4;
				MTL_ENABLE_DEBUG_INFO = INCLUDE_SOURCE;
				MTL_FAST_MATH = YES;
				ONLY_ACTIVE_ARCH = YES;
				SDKROOT = iphoneos;
				SWIFT_ACTIVE_COMPILATION_CONDITIONS = DEBUG;
				SWIFT_OPTIMIZATION_LEVEL = "-Onone";
			};
			name = Debug;
		};
		6C747CAD281AB6600074D6B7 /* Release */ = {
			isa = XCBuildConfiguration;
			buildSettings = {
				ALWAYS_SEARCH_USER_PATHS = NO;
				CLANG_ANALYZER_NONNULL = YES;
				CLANG_ANALYZER_NUMBER_OBJECT_CONVERSION = YES_AGGRESSIVE;
				CLANG_CXX_LANGUAGE_STANDARD = "gnu++17";
				CLANG_ENABLE_MODULES = YES;
				CLANG_ENABLE_OBJC_ARC = YES;
				CLANG_ENABLE_OBJC_WEAK = YES;
				CLANG_WARN_BLOCK_CAPTURE_AUTORELEASING = YES;
				CLANG_WARN_BOOL_CONVERSION = YES;
				CLANG_WARN_COMMA = YES;
				CLANG_WARN_CONSTANT_CONVERSION = YES;
				CLANG_WARN_DEPRECATED_OBJC_IMPLEMENTATIONS = YES;
				CLANG_WARN_DIRECT_OBJC_ISA_USAGE = YES_ERROR;
				CLANG_WARN_DOCUMENTATION_COMMENTS = YES;
				CLANG_WARN_EMPTY_BODY = YES;
				CLANG_WARN_ENUM_CONVERSION = YES;
				CLANG_WARN_INFINITE_RECURSION = YES;
				CLANG_WARN_INT_CONVERSION = YES;
				CLANG_WARN_NON_LITERAL_NULL_CONVERSION = YES;
				CLANG_WARN_OBJC_IMPLICIT_RETAIN_SELF = YES;
				CLANG_WARN_OBJC_LITERAL_CONVERSION = YES;
				CLANG_WARN_OBJC_ROOT_CLASS = YES_ERROR;
				CLANG_WARN_QUOTED_INCLUDE_IN_FRAMEWORK_HEADER = YES;
				CLANG_WARN_RANGE_LOOP_ANALYSIS = YES;
				CLANG_WARN_STRICT_PROTOTYPES = YES;
				CLANG_WARN_SUSPICIOUS_MOVE = YES;
				CLANG_WARN_UNGUARDED_AVAILABILITY = YES_AGGRESSIVE;
				CLANG_WARN_UNREACHABLE_CODE = YES;
				CLANG_WARN__DUPLICATE_METHOD_MATCH = YES;
				COPY_PHASE_STRIP = NO;
				DEBUG_INFORMATION_FORMAT = "dwarf-with-dsym";
				ENABLE_NS_ASSERTIONS = NO;
				ENABLE_STRICT_OBJC_MSGSEND = YES;
				GCC_C_LANGUAGE_STANDARD = gnu11;
				GCC_NO_COMMON_BLOCKS = YES;
				GCC_WARN_64_TO_32_BIT_CONVERSION = YES;
				GCC_WARN_ABOUT_RETURN_TYPE = YES_ERROR;
				GCC_WARN_UNDECLARED_SELECTOR = YES;
				GCC_WARN_UNINITIALIZED_AUTOS = YES_AGGRESSIVE;
				GCC_WARN_UNUSED_FUNCTION = YES;
				GCC_WARN_UNUSED_VARIABLE = YES;
				IPHONEOS_DEPLOYMENT_TARGET = 15.4;
				MTL_ENABLE_DEBUG_INFO = NO;
				MTL_FAST_MATH = YES;
				SDKROOT = iphoneos;
				SWIFT_COMPILATION_MODE = wholemodule;
				SWIFT_OPTIMIZATION_LEVEL = "-O";
				VALIDATE_PRODUCT = YES;
			};
			name = Release;
		};
		6C747CAF281AB6600074D6B7 /* Debug */ = {
			isa = XCBuildConfiguration;
			buildSettings = {
				ASSETCATALOG_COMPILER_APPICON_NAME = AppIcon;
				ASSETCATALOG_COMPILER_GLOBAL_ACCENT_COLOR_NAME = AccentColor;
				CODE_SIGN_STYLE = Automatic;
				CURRENT_PROJECT_VERSION = 1;
				DEVELOPMENT_ASSET_PATHS = "\"SnowSeeker/Preview Content\"";
				DEVELOPMENT_TEAM = VLQQ96A4XX;
				ENABLE_PREVIEWS = YES;
				GENERATE_INFOPLIST_FILE = YES;
				INFOPLIST_KEY_UIApplicationSceneManifest_Generation = YES;
				INFOPLIST_KEY_UIApplicationSupportsIndirectInputEvents = YES;
				INFOPLIST_KEY_UILaunchScreen_Generation = YES;
				INFOPLIST_KEY_UISupportedInterfaceOrientations_iPad = "UIInterfaceOrientationPortrait UIInterfaceOrientationPortraitUpsideDown UIInterfaceOrientationLandscapeLeft UIInterfaceOrientationLandscapeRight";
				INFOPLIST_KEY_UISupportedInterfaceOrientations_iPhone = "UIInterfaceOrientationPortrait UIInterfaceOrientationLandscapeLeft UIInterfaceOrientationLandscapeRight";
				LD_RUNPATH_SEARCH_PATHS = (
					"$(inherited)",
					"@executable_path/Frameworks",
				);
				MARKETING_VERSION = 1.0;
				PRODUCT_BUNDLE_IDENTIFIER = com.thi.SnowSeeker;
				PRODUCT_NAME = "$(TARGET_NAME)";
				SWIFT_EMIT_LOC_STRINGS = YES;
				SWIFT_VERSION = 5.0;
				TARGETED_DEVICE_FAMILY = "1,2";
			};
			name = Debug;
		};
		6C747CB0281AB6600074D6B7 /* Release */ = {
			isa = XCBuildConfiguration;
			buildSettings = {
				ASSETCATALOG_COMPILER_APPICON_NAME = AppIcon;
				ASSETCATALOG_COMPILER_GLOBAL_ACCENT_COLOR_NAME = AccentColor;
				CODE_SIGN_STYLE = Automatic;
				CURRENT_PROJECT_VERSION = 1;
				DEVELOPMENT_ASSET_PATHS = "\"SnowSeeker/Preview Content\"";
				DEVELOPMENT_TEAM = VLQQ96A4XX;
				ENABLE_PREVIEWS = YES;
				GENERATE_INFOPLIST_FILE = YES;
				INFOPLIST_KEY_UIApplicationSceneManifest_Generation = YES;
				INFOPLIST_KEY_UIApplicationSupportsIndirectInputEvents = YES;
				INFOPLIST_KEY_UILaunchScreen_Generation = YES;
				INFOPLIST_KEY_UISupportedInterfaceOrientations_iPad = "UIInterfaceOrientationPortrait UIInterfaceOrientationPortraitUpsideDown UIInterfaceOrientationLandscapeLeft UIInterfaceOrientationLandscapeRight";
				INFOPLIST_KEY_UISupportedInterfaceOrientations_iPhone = "UIInterfaceOrientationPortrait UIInterfaceOrientationLandscapeLeft UIInterfaceOrientationLandscapeRight";
				LD_RUNPATH_SEARCH_PATHS = (
					"$(inherited)",
					"@executable_path/Frameworks",
				);
				MARKETING_VERSION = 1.0;
				PRODUCT_BUNDLE_IDENTIFIER = com.thi.SnowSeeker;
				PRODUCT_NAME = "$(TARGET_NAME)";
				SWIFT_EMIT_LOC_STRINGS = YES;
				SWIFT_VERSION = 5.0;
				TARGETED_DEVICE_FAMILY = "1,2";
			};
			name = Release;
		};
/* End XCBuildConfiguration section */

/* Begin XCConfigurationList section */
		6C747C9B281AB65F0074D6B7 /* Build configuration list for PBXProject "SnowSeeker" */ = {
			isa = XCConfigurationList;
			buildConfigurations = (
				6C747CAC281AB6600074D6B7 /* Debug */,
				6C747CAD281AB6600074D6B7 /* Release */,
			);
			defaultConfigurationIsVisible = 0;
			defaultConfigurationName = Release;
		};
		6C747CAE281AB6600074D6B7 /* Build configuration list for PBXNativeTarget "SnowSeeker" */ = {
			isa = XCConfigurationList;
			buildConfigurations = (
				6C747CAF281AB6600074D6B7 /* Debug */,
				6C747CB0281AB6600074D6B7 /* Release */,
			);
			defaultConfigurationIsVisible = 0;
			defaultConfigurationName = Release;
		};
/* End XCConfigurationList section */
	};
	rootObject = 6C747C98281AB65F0074D6B7 /* Project object */;
}
